
Microsoft Visual Studio Solution File, Format Version 12.00
# Visual Studio Version 17
VisualStudioVersion = 17.0.31919.166
MinimumVisualStudioVersion = 10.0.40219.1
Project("{9A19103F-16F7-4668-BE54-9A1E7A4F7556}") = "WorkPlugin", "WorkPlugin\WorkPlugin.csproj", "{8A88DFB8-8490-4321-8981-CC018461D419}"
	ProjectSection(ProjectDependencies) = postProject
		{E788A8F2-F273-4159-B523-F91E3D820722} = {E788A8F2-F273-4159-B523-F91E3D820722}
	EndProjectSection
EndProject
Project("{9A19103F-16F7-4668-BE54-9A1E7A4F7556}") = "WorkModel", "WorkModel\WorkModel.csproj", "{5D61B381-4982-4D4A-9BC0-18525BB2CD28}"
EndProject
Project("{2150E333-8FDC-42A3-9474-1A3956D46DE8}") = "Core", "Core", "{6BA75EF8-0EF2-4F6A-85C5-C0A422F20322}"
EndProject
Project("{2150E333-8FDC-42A3-9474-1A3956D46DE8}") = "Plugin", "Plugin", "{F94E3EB3-7788-4A7F-9120-0C08ED166E1E}"
EndProject
Project("{9A19103F-16F7-4668-BE54-9A1E7A4F7556}") = "WorkPlugin.Abstractions", "WorkPlugin.Abstractions\WorkPlugin.Abstractions.csproj", "{560747F9-CD10-4571-A221-6C52DA2201A3}"
EndProject
Project("{9A19103F-16F7-4668-BE54-9A1E7A4F7556}") = "WorkPlugin.Plugin1", "WorkPlugin.Plugin1\WorkPlugin.Plugin1.csproj", "{E788A8F2-F273-4159-B523-F91E3D820722}"
EndProject
Project("{2150E333-8FDC-42A3-9474-1A3956D46DE8}") = "Metrics", "Metrics", "{09220B6A-742F-456D-9D79-F1B7D15F3943}"
EndProject
Project("{9A19103F-16F7-4668-BE54-9A1E7A4F7556}") = "WorkMetricsSimple", "WorkMetricsSimple\WorkMetricsSimple.csproj", "{5433351F-76F1-428E-83D4-B2F0C045453C}"
EndProject
Project("{9A19103F-16F7-4668-BE54-9A1E7A4F7556}") = "WorkMetricsPrometheus", "WorkMetricsPrometheus\WorkMetricsPrometheus.csproj", "{F1EF7BF6-5CDC-43FB-9A8C-0A33EDFF708E}"
EndProject
Project("{9A19103F-16F7-4668-BE54-9A1E7A4F7556}") = "WorkMetricsObserver", "WorkMetricsObserver\WorkMetricsObserver.csproj", "{B1271B80-8B9B-4125-9AF6-8F103CD98BE7}"
EndProject
Project("{2150E333-8FDC-42A3-9474-1A3956D46DE8}") = "Telemetry", "Telemetry", "{2FEEFCEC-2B2D-4C45-9B25-B26D39E1D612}"
EndProject
Project("{2150E333-8FDC-42A3-9474-1A3956D46DE8}") = "Network", "Network", "{125A2903-9E98-4E08-B246-A40977D94129}"
EndProject
Project("{2150E333-8FDC-42A3-9474-1A3956D46DE8}") = "Service", "Service", "{25D4DD08-FBC3-4DD8-B7C6-189BB6FC0103}"
EndProject
Project("{2150E333-8FDC-42A3-9474-1A3956D46DE8}") = "_", "_", "{72EA21FD-86A8-40B0-AE3F-0005396A89D0}"
EndProject
Project("{9A19103F-16F7-4668-BE54-9A1E7A4F7556}") = "WorkService", "WorkService\WorkService.csproj", "{DDBB4CA7-AC12-4CBD-BA99-B6193526FCC7}"
	ProjectSection(ProjectDependencies) = postProject
		{BCE5CF89-E0F9-4D4C-B901-4B8449884416} = {BCE5CF89-E0F9-4D4C-B901-4B8449884416}
	EndProjectSection
EndProject
Project("{9A19103F-16F7-4668-BE54-9A1E7A4F7556}") = "WorkService.Plugin", "WorkService.Plugin\WorkService.Plugin.csproj", "{BCE5CF89-E0F9-4D4C-B901-4B8449884416}"
EndProject
Project("{9A19103F-16F7-4668-BE54-9A1E7A4F7556}") = "WorkPeriod", "WorkPeriod\WorkPeriod.csproj", "{3E9B6A86-8F2B-4175-99A9-A2CE764073C2}"
EndProject
Project("{9A19103F-16F7-4668-BE54-9A1E7A4F7556}") = "WorkPrometheus1", "WorkPrometheus1\WorkPrometheus1.csproj", "{77FFFA4E-98C6-4204-9E4B-5A76F32B5D56}"
EndProject
Project("{9A19103F-16F7-4668-BE54-9A1E7A4F7556}") = "WorkPrometheus2", "WorkPrometheus2\WorkPrometheus2.csproj", "{614B34FF-DD0D-418C-BAF6-0F7E60D10EED}"
EndProject
Project("{2150E333-8FDC-42A3-9474-1A3956D46DE8}") = "Provider", "Provider", "{09346959-3A0B-4C4D-A536-F122EA36D266}"
EndProject
Project("{9A19103F-16F7-4668-BE54-9A1E7A4F7556}") = "WorkProviderRedis", "WorkProviderRedis\WorkProviderRedis.csproj", "{C478A8A4-BC1F-4716-9FE9-ECCE1E04E1D7}"
EndProject
Project("{9A19103F-16F7-4668-BE54-9A1E7A4F7556}") = "WorkPipeline", "WorkPipeline\WorkPipeline.csproj", "{D6C2E7EA-51A6-41CA-B4CB-50BE8BE6FD10}"
EndProject
Project("{9A19103F-16F7-4668-BE54-9A1E7A4F7556}") = "WorkServerSimple", "WorkServerSimple\WorkServerSimple.csproj", "{CE070571-088C-4C7B-A4D7-B0D34F27E751}"
EndProject
Project("{2150E333-8FDC-42A3-9474-1A3956D46DE8}") = "Hardware", "Hardware", "{76093074-E400-4EA5-9955-260A7C540851}"
EndProject
Project("{9A19103F-16F7-4668-BE54-9A1E7A4F7556}") = "WorkHardware", "WorkHardware\WorkHardware.csproj", "{CC3569AB-8D9B-4139-B4E2-297E6E6F67F6}"
EndProject
Project("{9A19103F-16F7-4668-BE54-9A1E7A4F7556}") = "WorkHardwareCollector", "WorkHardwareCollector\WorkHardwareCollector.csproj", "{53FACE38-A130-474D-91B1-0857E4C5BBEE}"
EndProject
Project("{2150E333-8FDC-42A3-9474-1A3956D46DE8}") = "Counter", "Counter", "{FAD180A0-06C6-46AE-9ADC-19DBFD5ACA1E}"
EndProject
Project("{9A19103F-16F7-4668-BE54-9A1E7A4F7556}") = "WorkCounter", "WorkCounter\WorkCounter.csproj", "{902073CD-C2A4-4C5F-AC99-4FA0E46CA800}"
EndProject
Project("{9A19103F-16F7-4668-BE54-9A1E7A4F7556}") = "WorkBitmap", "WorkBitmap\WorkBitmap.csproj", "{ADA1C2E7-A085-4416-B0F8-C9DACE48CD26}"
EndProject
Project("{9A19103F-16F7-4668-BE54-9A1E7A4F7556}") = "WorkPowerShell", "WorkPowerShell\WorkPowerShell.csproj", "{F24243B0-D94E-4064-82AA-B3BEE7B19CD6}"
EndProject
Global
	GlobalSection(SolutionConfigurationPlatforms) = preSolution
		Debug|Any CPU = Debug|Any CPU
		Release|Any CPU = Release|Any CPU
	EndGlobalSection
	GlobalSection(ProjectConfigurationPlatforms) = postSolution
		{8A88DFB8-8490-4321-8981-CC018461D419}.Debug|Any CPU.ActiveCfg = Debug|Any CPU
		{8A88DFB8-8490-4321-8981-CC018461D419}.Debug|Any CPU.Build.0 = Debug|Any CPU
		{8A88DFB8-8490-4321-8981-CC018461D419}.Release|Any CPU.ActiveCfg = Release|Any CPU
		{8A88DFB8-8490-4321-8981-CC018461D419}.Release|Any CPU.Build.0 = Release|Any CPU
		{5D61B381-4982-4D4A-9BC0-18525BB2CD28}.Debug|Any CPU.ActiveCfg = Debug|Any CPU
		{5D61B381-4982-4D4A-9BC0-18525BB2CD28}.Debug|Any CPU.Build.0 = Debug|Any CPU
		{5D61B381-4982-4D4A-9BC0-18525BB2CD28}.Release|Any CPU.ActiveCfg = Release|Any CPU
		{5D61B381-4982-4D4A-9BC0-18525BB2CD28}.Release|Any CPU.Build.0 = Release|Any CPU
		{560747F9-CD10-4571-A221-6C52DA2201A3}.Debug|Any CPU.ActiveCfg = Debug|Any CPU
		{560747F9-CD10-4571-A221-6C52DA2201A3}.Debug|Any CPU.Build.0 = Debug|Any CPU
		{560747F9-CD10-4571-A221-6C52DA2201A3}.Release|Any CPU.ActiveCfg = Release|Any CPU
		{560747F9-CD10-4571-A221-6C52DA2201A3}.Release|Any CPU.Build.0 = Release|Any CPU
		{E788A8F2-F273-4159-B523-F91E3D820722}.Debug|Any CPU.ActiveCfg = Debug|Any CPU
		{E788A8F2-F273-4159-B523-F91E3D820722}.Debug|Any CPU.Build.0 = Debug|Any CPU
		{E788A8F2-F273-4159-B523-F91E3D820722}.Release|Any CPU.ActiveCfg = Release|Any CPU
		{E788A8F2-F273-4159-B523-F91E3D820722}.Release|Any CPU.Build.0 = Release|Any CPU
		{5433351F-76F1-428E-83D4-B2F0C045453C}.Debug|Any CPU.ActiveCfg = Debug|Any CPU
		{5433351F-76F1-428E-83D4-B2F0C045453C}.Debug|Any CPU.Build.0 = Debug|Any CPU
		{5433351F-76F1-428E-83D4-B2F0C045453C}.Release|Any CPU.ActiveCfg = Release|Any CPU
		{5433351F-76F1-428E-83D4-B2F0C045453C}.Release|Any CPU.Build.0 = Release|Any CPU
		{F1EF7BF6-5CDC-43FB-9A8C-0A33EDFF708E}.Debug|Any CPU.ActiveCfg = Debug|Any CPU
		{F1EF7BF6-5CDC-43FB-9A8C-0A33EDFF708E}.Debug|Any CPU.Build.0 = Debug|Any CPU
		{F1EF7BF6-5CDC-43FB-9A8C-0A33EDFF708E}.Release|Any CPU.ActiveCfg = Release|Any CPU
		{F1EF7BF6-5CDC-43FB-9A8C-0A33EDFF708E}.Release|Any CPU.Build.0 = Release|Any CPU
		{B1271B80-8B9B-4125-9AF6-8F103CD98BE7}.Debug|Any CPU.ActiveCfg = Debug|Any CPU
		{B1271B80-8B9B-4125-9AF6-8F103CD98BE7}.Debug|Any CPU.Build.0 = Debug|Any CPU
		{B1271B80-8B9B-4125-9AF6-8F103CD98BE7}.Release|Any CPU.ActiveCfg = Release|Any CPU
		{B1271B80-8B9B-4125-9AF6-8F103CD98BE7}.Release|Any CPU.Build.0 = Release|Any CPU
		{DDBB4CA7-AC12-4CBD-BA99-B6193526FCC7}.Debug|Any CPU.ActiveCfg = Debug|Any CPU
		{DDBB4CA7-AC12-4CBD-BA99-B6193526FCC7}.Debug|Any CPU.Build.0 = Debug|Any CPU
		{DDBB4CA7-AC12-4CBD-BA99-B6193526FCC7}.Release|Any CPU.ActiveCfg = Release|Any CPU
		{DDBB4CA7-AC12-4CBD-BA99-B6193526FCC7}.Release|Any CPU.Build.0 = Release|Any CPU
		{BCE5CF89-E0F9-4D4C-B901-4B8449884416}.Debug|Any CPU.ActiveCfg = Debug|Any CPU
		{BCE5CF89-E0F9-4D4C-B901-4B8449884416}.Debug|Any CPU.Build.0 = Debug|Any CPU
		{BCE5CF89-E0F9-4D4C-B901-4B8449884416}.Release|Any CPU.ActiveCfg = Release|Any CPU
		{BCE5CF89-E0F9-4D4C-B901-4B8449884416}.Release|Any CPU.Build.0 = Release|Any CPU
		{3E9B6A86-8F2B-4175-99A9-A2CE764073C2}.Debug|Any CPU.ActiveCfg = Debug|Any CPU
		{3E9B6A86-8F2B-4175-99A9-A2CE764073C2}.Debug|Any CPU.Build.0 = Debug|Any CPU
		{3E9B6A86-8F2B-4175-99A9-A2CE764073C2}.Release|Any CPU.ActiveCfg = Release|Any CPU
		{3E9B6A86-8F2B-4175-99A9-A2CE764073C2}.Release|Any CPU.Build.0 = Release|Any CPU
		{77FFFA4E-98C6-4204-9E4B-5A76F32B5D56}.Debug|Any CPU.ActiveCfg = Debug|Any CPU
		{77FFFA4E-98C6-4204-9E4B-5A76F32B5D56}.Debug|Any CPU.Build.0 = Debug|Any CPU
		{77FFFA4E-98C6-4204-9E4B-5A76F32B5D56}.Release|Any CPU.ActiveCfg = Release|Any CPU
		{77FFFA4E-98C6-4204-9E4B-5A76F32B5D56}.Release|Any CPU.Build.0 = Release|Any CPU
		{614B34FF-DD0D-418C-BAF6-0F7E60D10EED}.Debug|Any CPU.ActiveCfg = Debug|Any CPU
		{614B34FF-DD0D-418C-BAF6-0F7E60D10EED}.Debug|Any CPU.Build.0 = Debug|Any CPU
		{614B34FF-DD0D-418C-BAF6-0F7E60D10EED}.Release|Any CPU.ActiveCfg = Release|Any CPU
		{614B34FF-DD0D-418C-BAF6-0F7E60D10EED}.Release|Any CPU.Build.0 = Release|Any CPU
		{C478A8A4-BC1F-4716-9FE9-ECCE1E04E1D7}.Debug|Any CPU.ActiveCfg = Debug|Any CPU
		{C478A8A4-BC1F-4716-9FE9-ECCE1E04E1D7}.Debug|Any CPU.Build.0 = Debug|Any CPU
		{C478A8A4-BC1F-4716-9FE9-ECCE1E04E1D7}.Release|Any CPU.ActiveCfg = Release|Any CPU
		{C478A8A4-BC1F-4716-9FE9-ECCE1E04E1D7}.Release|Any CPU.Build.0 = Release|Any CPU
		{D6C2E7EA-51A6-41CA-B4CB-50BE8BE6FD10}.Debug|Any CPU.ActiveCfg = Debug|Any CPU
		{D6C2E7EA-51A6-41CA-B4CB-50BE8BE6FD10}.Debug|Any CPU.Build.0 = Debug|Any CPU
		{D6C2E7EA-51A6-41CA-B4CB-50BE8BE6FD10}.Release|Any CPU.ActiveCfg = Release|Any CPU
		{D6C2E7EA-51A6-41CA-B4CB-50BE8BE6FD10}.Release|Any CPU.Build.0 = Release|Any CPU
		{CE070571-088C-4C7B-A4D7-B0D34F27E751}.Debug|Any CPU.ActiveCfg = Debug|Any CPU
		{CE070571-088C-4C7B-A4D7-B0D34F27E751}.Debug|Any CPU.Build.0 = Debug|Any CPU
		{CE070571-088C-4C7B-A4D7-B0D34F27E751}.Release|Any CPU.ActiveCfg = Release|Any CPU
		{CE070571-088C-4C7B-A4D7-B0D34F27E751}.Release|Any CPU.Build.0 = Release|Any CPU
		{CC3569AB-8D9B-4139-B4E2-297E6E6F67F6}.Debug|Any CPU.ActiveCfg = Debug|Any CPU
		{CC3569AB-8D9B-4139-B4E2-297E6E6F67F6}.Debug|Any CPU.Build.0 = Debug|Any CPU
		{CC3569AB-8D9B-4139-B4E2-297E6E6F67F6}.Release|Any CPU.ActiveCfg = Release|Any CPU
		{CC3569AB-8D9B-4139-B4E2-297E6E6F67F6}.Release|Any CPU.Build.0 = Release|Any CPU
		{53FACE38-A130-474D-91B1-0857E4C5BBEE}.Debug|Any CPU.ActiveCfg = Debug|Any CPU
		{53FACE38-A130-474D-91B1-0857E4C5BBEE}.Debug|Any CPU.Build.0 = Debug|Any CPU
		{53FACE38-A130-474D-91B1-0857E4C5BBEE}.Release|Any CPU.ActiveCfg = Release|Any CPU
		{53FACE38-A130-474D-91B1-0857E4C5BBEE}.Release|Any CPU.Build.0 = Release|Any CPU
		{902073CD-C2A4-4C5F-AC99-4FA0E46CA800}.Debug|Any CPU.ActiveCfg = Debug|Any CPU
		{902073CD-C2A4-4C5F-AC99-4FA0E46CA800}.Debug|Any CPU.Build.0 = Debug|Any CPU
		{902073CD-C2A4-4C5F-AC99-4FA0E46CA800}.Release|Any CPU.ActiveCfg = Release|Any CPU
		{902073CD-C2A4-4C5F-AC99-4FA0E46CA800}.Release|Any CPU.Build.0 = Release|Any CPU
		{ADA1C2E7-A085-4416-B0F8-C9DACE48CD26}.Debug|Any CPU.ActiveCfg = Debug|Any CPU
		{ADA1C2E7-A085-4416-B0F8-C9DACE48CD26}.Debug|Any CPU.Build.0 = Debug|Any CPU
		{ADA1C2E7-A085-4416-B0F8-C9DACE48CD26}.Release|Any CPU.ActiveCfg = Release|Any CPU
		{ADA1C2E7-A085-4416-B0F8-C9DACE48CD26}.Release|Any CPU.Build.0 = Release|Any CPU
		{F24243B0-D94E-4064-82AA-B3BEE7B19CD6}.Debug|Any CPU.ActiveCfg = Debug|Any CPU
		{F24243B0-D94E-4064-82AA-B3BEE7B19CD6}.Debug|Any CPU.Build.0 = Debug|Any CPU
		{F24243B0-D94E-4064-82AA-B3BEE7B19CD6}.Release|Any CPU.ActiveCfg = Release|Any CPU
		{F24243B0-D94E-4064-82AA-B3BEE7B19CD6}.Release|Any CPU.Build.0 = Release|Any CPU
	EndGlobalSection
	GlobalSection(SolutionProperties) = preSolution
		HideSolutionNode = FALSE
	EndGlobalSection
	GlobalSection(NestedProjects) = preSolution
		{8A88DFB8-8490-4321-8981-CC018461D419} = {F94E3EB3-7788-4A7F-9120-0C08ED166E1E}
		{5D61B381-4982-4D4A-9BC0-18525BB2CD28} = {6BA75EF8-0EF2-4F6A-85C5-C0A422F20322}
		{F94E3EB3-7788-4A7F-9120-0C08ED166E1E} = {72EA21FD-86A8-40B0-AE3F-0005396A89D0}
		{560747F9-CD10-4571-A221-6C52DA2201A3} = {F94E3EB3-7788-4A7F-9120-0C08ED166E1E}
		{E788A8F2-F273-4159-B523-F91E3D820722} = {F94E3EB3-7788-4A7F-9120-0C08ED166E1E}
		{09220B6A-742F-456D-9D79-F1B7D15F3943} = {72EA21FD-86A8-40B0-AE3F-0005396A89D0}
		{5433351F-76F1-428E-83D4-B2F0C045453C} = {09220B6A-742F-456D-9D79-F1B7D15F3943}
		{F1EF7BF6-5CDC-43FB-9A8C-0A33EDFF708E} = {09220B6A-742F-456D-9D79-F1B7D15F3943}
		{B1271B80-8B9B-4125-9AF6-8F103CD98BE7} = {09220B6A-742F-456D-9D79-F1B7D15F3943}
		{2FEEFCEC-2B2D-4C45-9B25-B26D39E1D612} = {72EA21FD-86A8-40B0-AE3F-0005396A89D0}
		{25D4DD08-FBC3-4DD8-B7C6-189BB6FC0103} = {72EA21FD-86A8-40B0-AE3F-0005396A89D0}
		{DDBB4CA7-AC12-4CBD-BA99-B6193526FCC7} = {25D4DD08-FBC3-4DD8-B7C6-189BB6FC0103}
		{BCE5CF89-E0F9-4D4C-B901-4B8449884416} = {25D4DD08-FBC3-4DD8-B7C6-189BB6FC0103}
		{3E9B6A86-8F2B-4175-99A9-A2CE764073C2} = {25D4DD08-FBC3-4DD8-B7C6-189BB6FC0103}
		{77FFFA4E-98C6-4204-9E4B-5A76F32B5D56} = {2FEEFCEC-2B2D-4C45-9B25-B26D39E1D612}
		{614B34FF-DD0D-418C-BAF6-0F7E60D10EED} = {2FEEFCEC-2B2D-4C45-9B25-B26D39E1D612}
		{09346959-3A0B-4C4D-A536-F122EA36D266} = {72EA21FD-86A8-40B0-AE3F-0005396A89D0}
		{C478A8A4-BC1F-4716-9FE9-ECCE1E04E1D7} = {09346959-3A0B-4C4D-A536-F122EA36D266}
		{D6C2E7EA-51A6-41CA-B4CB-50BE8BE6FD10} = {125A2903-9E98-4E08-B246-A40977D94129}
		{CE070571-088C-4C7B-A4D7-B0D34F27E751} = {125A2903-9E98-4E08-B246-A40977D94129}
		{CC3569AB-8D9B-4139-B4E2-297E6E6F67F6} = {76093074-E400-4EA5-9955-260A7C540851}
		{53FACE38-A130-474D-91B1-0857E4C5BBEE} = {76093074-E400-4EA5-9955-260A7C540851}
		{902073CD-C2A4-4C5F-AC99-4FA0E46CA800} = {FAD180A0-06C6-46AE-9ADC-19DBFD5ACA1E}
		{ADA1C2E7-A085-4416-B0F8-C9DACE48CD26} = {6BA75EF8-0EF2-4F6A-85C5-C0A422F20322}
	EndGlobalSection
	GlobalSection(ExtensibilityGlobals) = postSolution
		SolutionGuid = {05C48E10-6843-429E-86F8-EB409FF0FA3B}
	EndGlobalSection
EndGlobal
