
Microsoft Visual Studio Solution File, Format Version 12.00
# Visual Studio 14
VisualStudioVersion = 14.0.24720.0
MinimumVisualStudioVersion = 10.0.40219.1
Project("{FAE04EC0-301F-11D3-BF4B-00C04F79EFBC}") = "Tool.Monitor", "Tool.Monitor\Tool.Monitor.csproj", "{707EF8A1-3819-4475-B1F0-8F091FC7CF25}"
EndProject
Project("{FAE04EC0-301F-11D3-BF4B-00C04F79EFBC}") = "Tool.Monitor.Providers", "Tool.Monitor.Providers\Tool.Monitor.Providers.csproj", "{AD06E3B9-10E2-4533-AECC-FE2C06A25896}"
EndProject
Project("{2150E333-8FDC-42A3-9474-1A3956D46DE8}") = "Solution Items", "Solution Items", "{ED5AF233-023F-410E-9874-07D1BA32EB10}"
	ProjectSection(SolutionItems) = preProject
		README.md = README.md
		Tool.Monitor.ruleset = Tool.Monitor.ruleset
		Tool.Monitor.sln.DotSettings = Tool.Monitor.sln.DotSettings
	EndProjectSection
EndProject
Project("{FAE04EC0-301F-11D3-BF4B-00C04F79EFBC}") = "Tool.Monitor.Providers.Redis", "Tool.Monitor.Providers.Redis\Tool.Monitor.Providers.Redis.csproj", "{D011F4DA-CAC9-41C7-A648-CC537DEE7FDD}"
EndProject
Project("{FAE04EC0-301F-11D3-BF4B-00C04F79EFBC}") = "Tool.Monitor.Providers.Hardware", "Tool.Monitor.Providers.Hardware\Tool.Monitor.Providers.Hardware.csproj", "{536F01FE-0720-4E0B-BA2C-1E510BC761F7}"
EndProject
Project("{FAE04EC0-301F-11D3-BF4B-00C04F79EFBC}") = "Tool.Monitor.Providers.Basic", "Tool.Monitor.Providers.Basic\Tool.Monitor.Providers.Basic.csproj", "{D3D635FE-C0CE-4BC9-8A76-1C1137F76B76}"
EndProject
Project("{FAE04EC0-301F-11D3-BF4B-00C04F79EFBC}") = "Tool.Monitor.Providers.Hardware.Checker", "Tool.Monitor.Providers.Hardware.Checker\Tool.Monitor.Providers.Hardware.Checker.csproj", "{74BF36E9-88CC-4407-A805-9F63DFF4AC4E}"
EndProject
Global
	GlobalSection(SolutionConfigurationPlatforms) = preSolution
		Debug|Any CPU = Debug|Any CPU
		Release|Any CPU = Release|Any CPU
	EndGlobalSection
	GlobalSection(ProjectConfigurationPlatforms) = postSolution
		{707EF8A1-3819-4475-B1F0-8F091FC7CF25}.Debug|Any CPU.ActiveCfg = Debug|Any CPU
		{707EF8A1-3819-4475-B1F0-8F091FC7CF25}.Debug|Any CPU.Build.0 = Debug|Any CPU
		{707EF8A1-3819-4475-B1F0-8F091FC7CF25}.Release|Any CPU.ActiveCfg = Release|Any CPU
		{707EF8A1-3819-4475-B1F0-8F091FC7CF25}.Release|Any CPU.Build.0 = Release|Any CPU
		{AD06E3B9-10E2-4533-AECC-FE2C06A25896}.Debug|Any CPU.ActiveCfg = Debug|Any CPU
		{AD06E3B9-10E2-4533-AECC-FE2C06A25896}.Debug|Any CPU.Build.0 = Debug|Any CPU
		{AD06E3B9-10E2-4533-AECC-FE2C06A25896}.Release|Any CPU.ActiveCfg = Release|Any CPU
		{AD06E3B9-10E2-4533-AECC-FE2C06A25896}.Release|Any CPU.Build.0 = Release|Any CPU
		{D011F4DA-CAC9-41C7-A648-CC537DEE7FDD}.Debug|Any CPU.ActiveCfg = Debug|Any CPU
		{D011F4DA-CAC9-41C7-A648-CC537DEE7FDD}.Debug|Any CPU.Build.0 = Debug|Any CPU
		{D011F4DA-CAC9-41C7-A648-CC537DEE7FDD}.Release|Any CPU.ActiveCfg = Release|Any CPU
		{D011F4DA-CAC9-41C7-A648-CC537DEE7FDD}.Release|Any CPU.Build.0 = Release|Any CPU
		{536F01FE-0720-4E0B-BA2C-1E510BC761F7}.Debug|Any CPU.ActiveCfg = Debug|Any CPU
		{536F01FE-0720-4E0B-BA2C-1E510BC761F7}.Debug|Any CPU.Build.0 = Debug|Any CPU
		{536F01FE-0720-4E0B-BA2C-1E510BC761F7}.Release|Any CPU.ActiveCfg = Release|Any CPU
		{536F01FE-0720-4E0B-BA2C-1E510BC761F7}.Release|Any CPU.Build.0 = Release|Any CPU
		{D3D635FE-C0CE-4BC9-8A76-1C1137F76B76}.Debug|Any CPU.ActiveCfg = Debug|Any CPU
		{D3D635FE-C0CE-4BC9-8A76-1C1137F76B76}.Debug|Any CPU.Build.0 = Debug|Any CPU
		{D3D635FE-C0CE-4BC9-8A76-1C1137F76B76}.Release|Any CPU.ActiveCfg = Release|Any CPU
		{D3D635FE-C0CE-4BC9-8A76-1C1137F76B76}.Release|Any CPU.Build.0 = Release|Any CPU
		{74BF36E9-88CC-4407-A805-9F63DFF4AC4E}.Debug|Any CPU.ActiveCfg = Debug|Any CPU
		{74BF36E9-88CC-4407-A805-9F63DFF4AC4E}.Debug|Any CPU.Build.0 = Debug|Any CPU
		{74BF36E9-88CC-4407-A805-9F63DFF4AC4E}.Release|Any CPU.ActiveCfg = Release|Any CPU
		{74BF36E9-88CC-4407-A805-9F63DFF4AC4E}.Release|Any CPU.Build.0 = Release|Any CPU
	EndGlobalSection
	GlobalSection(SolutionProperties) = preSolution
		HideSolutionNode = FALSE
	EndGlobalSection
EndGlobal
